
Microsoft Visual Studio Solution File, Format Version 12.00
# Visual Studio 15
VisualStudioVersion = 15.0.28307.1259
MinimumVisualStudioVersion = 10.0.40219.1
Project("{9A19103F-16F7-4668-BE54-9A1E7A4F7556}") = "ICBC.Web", "ICBC.Web\ICBC.Web.csproj", "{1CE75DE6-DD03-473E-9568-852D89F7C8D2}"
EndProject
Project("{9A19103F-16F7-4668-BE54-9A1E7A4F7556}") = "ICBC.UnitTest", "ICBC.UnitTest\ICBC.UnitTest.csproj", "{8DB060C2-3568-4C55-85A5-8FF0462E51E2}"
EndProject
Project("{9A19103F-16F7-4668-BE54-9A1E7A4F7556}") = "ICBC.Utility", "ICBC.Utility\ICBC.Utility.csproj", "{AD049F18-EFAE-43CD-A937-B0A46AD0446B}"
EndProject
Project("{FAE04EC0-301F-11D3-BF4B-00C04F79EFBC}") = "ICBC.BL", "ICBC.BL\ICBC.BL.csproj", "{DA1A12EA-4152-4A9A-AA7F-27C10C6A8B46}"
EndProject
Project("{FAE04EC0-301F-11D3-BF4B-00C04F79EFBC}") = "ICBC.Entity", "ICBC.Entity\ICBC.Entity.csproj", "{650F7A1B-1E51-4564-961C-14B504BA439C}"
EndProject
Global
	GlobalSection(SolutionConfigurationPlatforms) = preSolution
		Debug|Any CPU = Debug|Any CPU
		Release|Any CPU = Release|Any CPU
	EndGlobalSection
	GlobalSection(ProjectConfigurationPlatforms) = postSolution
		{1CE75DE6-DD03-473E-9568-852D89F7C8D2}.Debug|Any CPU.ActiveCfg = Debug|Any CPU
		{1CE75DE6-DD03-473E-9568-852D89F7C8D2}.Debug|Any CPU.Build.0 = Debug|Any CPU
		{1CE75DE6-DD03-473E-9568-852D89F7C8D2}.Release|Any CPU.ActiveCfg = Release|Any CPU
		{1CE75DE6-DD03-473E-9568-852D89F7C8D2}.Release|Any CPU.Build.0 = Release|Any CPU
		{8DB060C2-3568-4C55-85A5-8FF0462E51E2}.Debug|Any CPU.ActiveCfg = Debug|Any CPU
		{8DB060C2-3568-4C55-85A5-8FF0462E51E2}.Debug|Any CPU.Build.0 = Debug|Any CPU
		{8DB060C2-3568-4C55-85A5-8FF0462E51E2}.Release|Any CPU.ActiveCfg = Release|Any CPU
		{8DB060C2-3568-4C55-85A5-8FF0462E51E2}.Release|Any CPU.Build.0 = Release|Any CPU
		{AD049F18-EFAE-43CD-A937-B0A46AD0446B}.Debug|Any CPU.ActiveCfg = Debug|Any CPU
		{AD049F18-EFAE-43CD-A937-B0A46AD0446B}.Debug|Any CPU.Build.0 = Debug|Any CPU
		{AD049F18-EFAE-43CD-A937-B0A46AD0446B}.Release|Any CPU.ActiveCfg = Release|Any CPU
		{AD049F18-EFAE-43CD-A937-B0A46AD0446B}.Release|Any CPU.Build.0 = Release|Any CPU
		{DA1A12EA-4152-4A9A-AA7F-27C10C6A8B46}.Debug|Any CPU.ActiveCfg = Debug|Any CPU
		{DA1A12EA-4152-4A9A-AA7F-27C10C6A8B46}.Debug|Any CPU.Build.0 = Debug|Any CPU
		{DA1A12EA-4152-4A9A-AA7F-27C10C6A8B46}.Release|Any CPU.ActiveCfg = Release|Any CPU
		{DA1A12EA-4152-4A9A-AA7F-27C10C6A8B46}.Release|Any CPU.Build.0 = Release|Any CPU
		{650F7A1B-1E51-4564-961C-14B504BA439C}.Debug|Any CPU.ActiveCfg = Debug|Any CPU
		{650F7A1B-1E51-4564-961C-14B504BA439C}.Debug|Any CPU.Build.0 = Debug|Any CPU
		{650F7A1B-1E51-4564-961C-14B504BA439C}.Release|Any CPU.ActiveCfg = Release|Any CPU
		{650F7A1B-1E51-4564-961C-14B504BA439C}.Release|Any CPU.Build.0 = Release|Any CPU
	EndGlobalSection
	GlobalSection(SolutionProperties) = preSolution
		HideSolutionNode = FALSE
	EndGlobalSection
	GlobalSection(ExtensibilityGlobals) = postSolution
		SolutionGuid = {F2F00411-55B1-4EAB-9C09-32727ED00C86}
	EndGlobalSection
EndGlobal
